{
  "name": "astermind-elm-tutorial",
  "version": "1.0.0",
  "lockfileVersion": 3,
  "requires": true,
  "packages": {
    "": {
      "name": "astermind-elm-tutorial",
      "version": "1.0.0",
      "license": "MIT",
      "dependencies": {
        "@astermind/astermind-elm": "^2.1.1",
        "@astermind/astermind-synth": "0.1.7"
      }
    },
    "node_modules/@astermind/astermind-elm": {
      "version": "2.1.1",
      "resolved": "https://registry.npmjs.org/@astermind/astermind-elm/-/astermind-elm-2.1.1.tgz",
      "integrity": "sha512-kMNoc4QhAthaz5RKNLMfC+ibHnxBLsnNyQ5x62gGUphkdR1jvKJVlFjt4gri49zzjS7dRjNUmIFS6ztBPVcdSw==",
      "license": "MIT"
    },
    "node_modules/@astermind/astermind-synth": {
      "version": "0.1.7",
      "resolved": "https://registry.npmjs.org/@astermind/astermind-synth/-/astermind-synth-0.1.7.tgz",
      "integrity": "sha512-2U+4WDt0uM1DXxCKQOROW1OQypIV39PieAEBUyLnopMw2BBzH7qNOTLSvoqHqzhBGKg/slBSHDz72LGjhp2b+Q==",
      "license": "SEE LICENSE IN EULA.md",
      "dependencies": {
        "@astermind/astermind-elm": "^2.1.1",
        "@astermindai/license-runtime": "^0.1.1"
      }
    },
    "node_modules/@astermindai/license-runtime": {
      "version": "0.1.1",
      "resolved": "https://registry.npmjs.org/@astermindai/license-runtime/-/license-runtime-0.1.1.tgz",
      "integrity": "sha512-jKCy2BSk/WXfAUEnFVnPStgLp8wbNfbzxgwMq5wxMMPnO7g0eL4AzIuHR9iy+idHbE55hjGcF+y+B9+t3K7YZQ==",
      "license": "UNLICENSED",
      "engines": {
        "node": ">=20.0.0"
      }
    }
  }
}
